// !$*UTF8*$!
{
	archiveVersion = 1;
	classes = {
	};
	objectVersion = 50;
	objects = {

/* Begin PBXBuildFile section */
		1E39C36C24CBE4360000BE8F /* AppDelegate.swift in Sources */ = {isa = PBXBuildFile; fileRef = 1E39C36B24CBE4360000BE8F /* AppDelegate.swift */; };
		1E39C36E24CBE4360000BE8F /* SceneDelegate.swift in Sources */ = {isa = PBXBuildFile; fileRef = 1E39C36D24CBE4360000BE8F /* SceneDelegate.swift */; };
		1E39C37024CBE4360000BE8F /* ViewController.swift in Sources */ = {isa = PBXBuildFile; fileRef = 1E39C36F24CBE4360000BE8F /* ViewController.swift */; };
		1E39C37324CBE4360000BE8F /* Main.storyboard in Resources */ = {isa = PBXBuildFile; fileRef = 1E39C37124CBE4360000BE8F /* Main.storyboard */; };
		1E39C37524CBE4370000BE8F /* Assets.xcassets in Resources */ = {isa = PBXBuildFile; fileRef = 1E39C37424CBE4370000BE8F /* Assets.xcassets */; };
		1E39C37824CBE4370000BE8F /* LaunchScreen.storyboard in Resources */ = {isa = PBXBuildFile; fileRef = 1E39C37624CBE4370000BE8F /* LaunchScreen.storyboard */; };
		1E39C38324CBE4370000BE8F /* TableviewTests.swift in Sources */ = {isa = PBXBuildFile; fileRef = 1E39C38224CBE4370000BE8F /* TableviewTests.swift */; };
		1E39C38E24CBE4370000BE8F /* TableviewUITests.swift in Sources */ = {isa = PBXBuildFile; fileRef = 1E39C38D24CBE4370000BE8F /* TableviewUITests.swift */; };
		1E39C39C24CBE5200000BE8F /* TodoListTableViewController.swift in Sources */ = {isa = PBXBuildFile; fileRef = 1E39C39B24CBE5200000BE8F /* TodoListTableViewController.swift */; };
		702AD73824FA62D300A47F26 /* ToDoBoxTableViewController.swift in Sources */ = {isa = PBXBuildFile; fileRef = 702AD73724FA62D300A47F26 /* ToDoBoxTableViewController.swift */; };
/* End PBXBuildFile section */

/* Begin PBXContainerItemProxy section */
		1E39C37F24CBE4370000BE8F /* PBXContainerItemProxy */ = {
			isa = PBXContainerItemProxy;
			containerPortal = 1E39C36024CBE4360000BE8F /* Project object */;
			proxyType = 1;
			remoteGlobalIDString = 1E39C36724CBE4360000BE8F;
			remoteInfo = Tableview;
		};
		1E39C38A24CBE4370000BE8F /* PBXContainerItemProxy */ = {
			isa = PBXContainerItemProxy;
			containerPortal = 1E39C36024CBE4360000BE8F /* Project object */;
			proxyType = 1;
			remoteGlobalIDString = 1E39C36724CBE4360000BE8F;
			remoteInfo = Tableview;
		};
/* End PBXContainerItemProxy section */

/* Begin PBXFileReference section */
		1E39C36824CBE4360000BE8F /* Tableview.app */ = {isa = PBXFileReference; explicitFileType = wrapper.application; includeInIndex = 0; path = Tableview.app; sourceTree = BUILT_PRODUCTS_DIR; };
		1E39C36B24CBE4360000BE8F /* AppDelegate.swift */ = {isa = PBXFileReference; lastKnownFileType = sourcecode.swift; path = AppDelegate.swift; sourceTree = "<group>"; };
		1E39C36D24CBE4360000BE8F /* SceneDelegate.swift */ = {isa = PBXFileReference; lastKnownFileType = sourcecode.swift; path = SceneDelegate.swift; sourceTree = "<group>"; };
		1E39C36F24CBE4360000BE8F /* ViewController.swift */ = {isa = PBXFileReference; lastKnownFileType = sourcecode.swift; path = ViewController.swift; sourceTree = "<group>"; };
		1E39C37224CBE4360000BE8F /* Base */ = {isa = PBXFileReference; lastKnownFileType = file.storyboard; name = Base; path = Base.lproj/Main.storyboard; sourceTree = "<group>"; };
		1E39C37424CBE4370000BE8F /* Assets.xcassets */ = {isa = PBXFileReference; lastKnownFileType = folder.assetcatalog; path = Assets.xcassets; sourceTree = "<group>"; };
		1E39C37724CBE4370000BE8F /* Base */ = {isa = PBXFileReference; lastKnownFileType = file.storyboard; name = Base; path = Base.lproj/LaunchScreen.storyboard; sourceTree = "<group>"; };
		1E39C37924CBE4370000BE8F /* Info.plist */ = {isa = PBXFileReference; lastKnownFileType = text.plist.xml; path = Info.plist; sourceTree = "<group>"; };
		1E39C37E24CBE4370000BE8F /* TableviewTests.xctest */ = {isa = PBXFileReference; explicitFileType = wrapper.cfbundle; includeInIndex = 0; path = TableviewTests.xctest; sourceTree = BUILT_PRODUCTS_DIR; };
		1E39C38224CBE4370000BE8F /* TableviewTests.swift */ = {isa = PBXFileReference; lastKnownFileType = sourcecode.swift; path = TableviewTests.swift; sourceTree = "<group>"; };
		1E39C38424CBE4370000BE8F /* Info.plist */ = {isa = PBXFileReference; lastKnownFileType = text.plist.xml; path = Info.plist; sourceTree = "<group>"; };
		1E39C38924CBE4370000BE8F /* TableviewUITests.xctest */ = {isa = PBXFileReference; explicitFileType = wrapper.cfbundle; includeInIndex = 0; path = TableviewUITests.xctest; sourceTree = BUILT_PRODUCTS_DIR; };
		1E39C38D24CBE4370000BE8F /* TableviewUITests.swift */ = {isa = PBXFileReference; lastKnownFileType = sourcecode.swift; path = TableviewUITests.swift; sourceTree = "<group>"; };
		1E39C38F24CBE4370000BE8F /* Info.plist */ = {isa = PBXFileReference; lastKnownFileType = text.plist.xml; path = Info.plist; sourceTree = "<group>"; };
		1E39C39B24CBE5200000BE8F /* TodoListTableViewController.swift */ = {isa = PBXFileReference; lastKnownFileType = sourcecode.swift; path = TodoListTableViewController.swift; sourceTree = "<group>"; };
		702AD73724FA62D300A47F26 /* ToDoBoxTableViewController.swift */ = {isa = PBXFileReference; lastKnownFileType = sourcecode.swift; path = ToDoBoxTableViewController.swift; sourceTree = "<group>"; };
/* End PBXFileReference section */

/* Begin PBXFrameworksBuildPhase section */
		1E39C36524CBE4360000BE8F /* Frameworks */ = {
			isa = PBXFrameworksBuildPhase;
			buildActionMask = 2147483647;
			files = (
			);
			runOnlyForDeploymentPostprocessing = 0;
		};
		1E39C37B24CBE4370000BE8F /* Frameworks */ = {
			isa = PBXFrameworksBuildPhase;
			buildActionMask = 2147483647;
			files = (
			);
			runOnlyForDeploymentPostprocessing = 0;
		};
		1E39C38624CBE4370000BE8F /* Frameworks */ = {
			isa = PBXFrameworksBuildPhase;
			buildActionMask = 2147483647;
			files = (
			);
			runOnlyForDeploymentPostprocessing = 0;
		};
/* End PBXFrameworksBuildPhase section */

/* Begin PBXGroup section */
		1E39C35F24CBE4360000BE8F = {
			isa = PBXGroup;
			children = (
				1E39C36A24CBE4360000BE8F /* Tableview */,
				1E39C38124CBE4370000BE8F /* TableviewTests */,
				1E39C38C24CBE4370000BE8F /* TableviewUITests */,
				1E39C36924CBE4360000BE8F /* Products */,
			);
			sourceTree = "<group>";
		};
		1E39C36924CBE4360000BE8F /* Products */ = {
			isa = PBXGroup;
			children = (
				1E39C36824CBE4360000BE8F /* Tableview.app */,
				1E39C37E24CBE4370000BE8F /* TableviewTests.xctest */,
				1E39C38924CBE4370000BE8F /* TableviewUITests.xctest */,
			);
			name = Products;
			sourceTree = "<group>";
		};
		1E39C36A24CBE4360000BE8F /* Tableview */ = {
			isa = PBXGroup;
			children = (
				1E39C36B24CBE4360000BE8F /* AppDelegate.swift */,
				1E39C36D24CBE4360000BE8F /* SceneDelegate.swift */,
				1E39C36F24CBE4360000BE8F /* ViewController.swift */,
				1E39C39B24CBE5200000BE8F /* TodoListTableViewController.swift */,
				702AD73724FA62D300A47F26 /* ToDoBoxTableViewController.swift */,
				1E39C37124CBE4360000BE8F /* Main.storyboard */,
				1E39C37424CBE4370000BE8F /* Assets.xcassets */,
				1E39C37624CBE4370000BE8F /* LaunchScreen.storyboard */,
				1E39C37924CBE4370000BE8F /* Info.plist */,
			);
			path = Tableview;
			sourceTree = "<group>";
		};
		1E39C38124CBE4370000BE8F /* TableviewTests */ = {
			isa = PBXGroup;
			children = (
				1E39C38224CBE4370000BE8F /* TableviewTests.swift */,
				1E39C38424CBE4370000BE8F /* Info.plist */,
			);
			path = TableviewTests;
			sourceTree = "<group>";
		};
		1E39C38C24CBE4370000BE8F /* TableviewUITests */ = {
			isa = PBXGroup;
			children = (
				1E39C38D24CBE4370000BE8F /* TableviewUITests.swift */,
				1E39C38F24CBE4370000BE8F /* Info.plist */,
			);
			path = TableviewUITests;
			sourceTree = "<group>";
		};
/* End PBXGroup section */

/* Begin PBXNativeTarget section */
		1E39C36724CBE4360000BE8F /* Tableview */ = {
			isa = PBXNativeTarget;
			buildConfigurationList = 1E39C39224CBE4370000BE8F /* Build configuration list for PBXNativeTarget "Tableview" */;
			buildPhases = (
				1E39C36424CBE4360000BE8F /* Sources */,
				1E39C36524CBE4360000BE8F /* Frameworks */,
				1E39C36624CBE4360000BE8F /* Resources */,
			);
			buildRules = (
			);
			dependencies = (
			);
			name = Tableview;
			productName = Tableview;
			productReference = 1E39C36824CBE4360000BE8F /* Tableview.app */;
			productType = "com.apple.product-type.application";
		};
		1E39C37D24CBE4370000BE8F /* TableviewTests */ = {
			isa = PBXNativeTarget;
			buildConfigurationList = 1E39C39524CBE4370000BE8F /* Build configuration list for PBXNativeTarget "TableviewTests" */;
			buildPhases = (
				1E39C37A24CBE4370000BE8F /* Sources */,
				1E39C37B24CBE4370000BE8F /* Frameworks */,
				1E39C37C24CBE4370000BE8F /* Resources */,
			);
			buildRules = (
			);
			dependencies = (
				1E39C38024CBE4370000BE8F /* PBXTargetDependency */,
			);
			name = TableviewTests;
			productName = TableviewTests;
			productReference = 1E39C37E24CBE4370000BE8F /* TableviewTests.xctest */;
			productType = "com.apple.product-type.bundle.unit-test";
		};
		1E39C38824CBE4370000BE8F /* TableviewUITests */ = {
			isa = PBXNativeTarget;
			buildConfigurationList = 1E39C39824CBE4370000BE8F /* Build configuration list for PBXNativeTarget "TableviewUITests" */;
			buildPhases = (
				1E39C38524CBE4370000BE8F /* Sources */,
				1E39C38624CBE4370000BE8F /* Frameworks */,
				1E39C38724CBE4370000BE8F /* Resources */,
			);
			buildRules = (
			);
			dependencies = (
				1E39C38B24CBE4370000BE8F /* PBXTargetDependency */,
			);
			name = TableviewUITests;
			productName = TableviewUITests;
			productReference = 1E39C38924CBE4370000BE8F /* TableviewUITests.xctest */;
			productType = "com.apple.product-type.bundle.ui-testing";
		};
/* End PBXNativeTarget section */

/* Begin PBXProject section */
		1E39C36024CBE4360000BE8F /* Project object */ = {
			isa = PBXProject;
			attributes = {
				LastSwiftUpdateCheck = 1160;
				LastUpgradeCheck = 1160;
				ORGANIZATIONNAME = "所紀彦";
				TargetAttributes = {
					1E39C36724CBE4360000BE8F = {
						CreatedOnToolsVersion = 11.6;
					};
					1E39C37D24CBE4370000BE8F = {
						CreatedOnToolsVersion = 11.6;
						TestTargetID = 1E39C36724CBE4360000BE8F;
					};
					1E39C38824CBE4370000BE8F = {
						CreatedOnToolsVersion = 11.6;
						TestTargetID = 1E39C36724CBE4360000BE8F;
					};
				};
			};
			buildConfigurationList = 1E39C36324CBE4360000BE8F /* Build configuration list for PBXProject "Tableview" */;
			compatibilityVersion = "Xcode 9.3";
			developmentRegion = en;
			hasScannedForEncodings = 0;
			knownRegions = (
				en,
				Base,
			);
			mainGroup = 1E39C35F24CBE4360000BE8F;
			productRefGroup = 1E39C36924CBE4360000BE8F /* Products */;
			projectDirPath = "";
			projectRoot = "";
			targets = (
				1E39C36724CBE4360000BE8F /* Tableview */,
				1E39C37D24CBE4370000BE8F /* TableviewTests */,
				1E39C38824CBE4370000BE8F /* TableviewUITests */,
			);
		};
/* End PBXProject section */

/* Begin PBXResourcesBuildPhase section */
		1E39C36624CBE4360000BE8F /* Resources */ = {
			isa = PBXResourcesBuildPhase;
			buildActionMask = 2147483647;
			files = (
				1E39C37824CBE4370000BE8F /* LaunchScreen.storyboard in Resources */,
				1E39C37524CBE4370000BE8F /* Assets.xcassets in Resources */,
				1E39C37324CBE4360000BE8F /* Main.storyboard in Resources */,
			);
			runOnlyForDeploymentPostprocessing = 0;
		};
		1E39C37C24CBE4370000BE8F /* Resources */ = {
			isa = PBXResourcesBuildPhase;
			buildActionMask = 2147483647;
			files = (
			);
			runOnlyForDeploymentPostprocessing = 0;
		};
		1E39C38724CBE4370000BE8F /* Resources */ = {
			isa = PBXResourcesBuildPhase;
			buildActionMask = 2147483647;
			files = (
			);
			runOnlyForDeploymentPostprocessing = 0;
		};
/* End PBXResourcesBuildPhase section */

/* Begin PBXSourcesBuildPhase section */
		1E39C36424CBE4360000BE8F /* Sources */ = {
			isa = PBXSourcesBuildPhase;
			buildActionMask = 2147483647;
			files = (
				1E39C37024CBE4360000BE8F /* ViewController.swift in Sources */,
				1E39C36C24CBE4360000BE8F /* AppDelegate.swift in Sources */,
				1E39C36E24CBE4360000BE8F /* SceneDelegate.swift in Sources */,
				702AD73824FA62D300A47F26 /* ToDoBoxTableViewController.swift in Sources */,
				1E39C39C24CBE5200000BE8F /* TodoListTableViewController.swift in Sources */,
			);
			runOnlyForDeploymentPostprocessing = 0;
		};
		1E39C37A24CBE4370000BE8F /* Sources */ = {
			isa = PBXSourcesBuildPhase;
			buildActionMask = 2147483647;
			files = (
				1E39C38324CBE4370000BE8F /* TableviewTests.swift in Sources */,
			);
			runOnlyForDeploymentPostprocessing = 0;
		};
		1E39C38524CBE4370000BE8F /* Sources */ = {
			isa = PBXSourcesBuildPhase;
			buildActionMask = 2147483647;
			files = (
				1E39C38E24CBE4370000BE8F /* TableviewUITests.swift in Sources */,
			);
			runOnlyForDeploymentPostprocessing = 0;
		};
/* End PBXSourcesBuildPhase section */

/* Begin PBXTargetDependency section */
		1E39C38024CBE4370000BE8F /* PBXTargetDependency */ = {
			isa = PBXTargetDependency;
			target = 1E39C36724CBE4360000BE8F /* Tableview */;
			targetProxy = 1E39C37F24CBE4370000BE8F /* PBXContainerItemProxy */;
		};
		1E39C38B24CBE4370000BE8F /* PBXTargetDependency */ = {
			isa = PBXTargetDependency;
			target = 1E39C36724CBE4360000BE8F /* Tableview */;
			targetProxy = 1E39C38A24CBE4370000BE8F /* PBXContainerItemProxy */;
		};
/* End PBXTargetDependency section */

/* Begin PBXVariantGroup section */
		1E39C37124CBE4360000BE8F /* Main.storyboard */ = {
			isa = PBXVariantGroup;
			children = (
				1E39C37224CBE4360000BE8F /* Base */,
			);
			name = Main.storyboard;
			sourceTree = "<group>";
		};
		1E39C37624CBE4370000BE8F /* LaunchScreen.storyboard */ = {
			isa = PBXVariantGroup;
			children = (
				1E39C37724CBE4370000BE8F /* Base */,
			);
			name = LaunchScreen.storyboard;
			sourceTree = "<group>";
		};
/* End PBXVariantGroup section */

/* Begin XCBuildConfiguration section */
		1E39C39024CBE4370000BE8F /* Debug */ = {
			isa = XCBuildConfiguration;
			buildSettings = {
				ALWAYS_SEARCH_USER_PATHS = NO;
				CLANG_ANALYZER_NONNULL = YES;
				CLANG_ANALYZER_NUMBER_OBJECT_CONVERSION = YES_AGGRESSIVE;
				CLANG_CXX_LANGUAGE_STANDARD = "gnu++14";
				CLANG_CXX_LIBRARY = "libc++";
				CLANG_ENABLE_MODULES = YES;
				CLANG_ENABLE_OBJC_ARC = YES;
				CLANG_ENABLE_OBJC_WEAK = YES;
				CLANG_WARN_BLOCK_CAPTURE_AUTORELEASING = YES;
				CLANG_WARN_BOOL_CONVERSION = YES;
				CLANG_WARN_COMMA = YES;
				CLANG_WARN_CONSTANT_CONVERSION = YES;
				CLANG_WARN_DEPRECATED_OBJC_IMPLEMENTATIONS = YES;
				CLANG_WARN_DIRECT_OBJC_ISA_USAGE = YES_ERROR;
				CLANG_WARN_DOCUMENTATION_COMMENTS = YES;
				CLANG_WARN_EMPTY_BODY = YES;
				CLANG_WARN_ENUM_CONVERSION = YES;
				CLANG_WARN_INFINITE_RECURSION = YES;
				CLANG_WARN_INT_CONVERSION = YES;
				CLANG_WARN_NON_LITERAL_NULL_CONVERSION = YES;
				CLANG_WARN_OBJC_IMPLICIT_RETAIN_SELF = YES;
				CLANG_WARN_OBJC_LITERAL_CONVERSION = YES;
				CLANG_WARN_OBJC_ROOT_CLASS = YES_ERROR;
				CLANG_WARN_RANGE_LOOP_ANALYSIS = YES;
				CLANG_WARN_STRICT_PROTOTYPES = YES;
				CLANG_WARN_SUSPICIOUS_MOVE = YES;
				CLANG_WARN_UNGUARDED_AVAILABILITY = YES_AGGRESSIVE;
				CLANG_WARN_UNREACHABLE_CODE = YES;
				CLANG_WARN__DUPLICATE_METHOD_MATCH = YES;
				COPY_PHASE_STRIP = NO;
				DEBUG_INFORMATION_FORMAT = dwarf;
				ENABLE_STRICT_OBJC_MSGSEND = YES;
				ENABLE_TESTABILITY = YES;
				GCC_C_LANGUAGE_STANDARD = gnu11;
				GCC_DYNAMIC_NO_PIC = NO;
				GCC_NO_COMMON_BLOCKS = YES;
				GCC_OPTIMIZATION_LEVEL = 0;
				GCC_PREPROCESSOR_DEFINITIONS = (
					"DEBUG=1",
					"$(inherited)",
				);
				GCC_WARN_64_TO_32_BIT_CONVERSION = YES;
				GCC_WARN_ABOUT_RETURN_TYPE = YES_ERROR;
				GCC_WARN_UNDECLARED_SELECTOR = YES;
				GCC_WARN_UNINITIALIZED_AUTOS = YES_AGGRESSIVE;
				GCC_WARN_UNUSED_FUNCTION = YES;
				GCC_WARN_UNUSED_VARIABLE = YES;
				IPHONEOS_DEPLOYMENT_TARGET = 13.6;
				MTL_ENABLE_DEBUG_INFO = INCLUDE_SOURCE;
				MTL_FAST_MATH = YES;
				ONLY_ACTIVE_ARCH = YES;
				SDKROOT = iphoneos;
				SWIFT_ACTIVE_COMPILATION_CONDITIONS = DEBUG;
				SWIFT_OPTIMIZATION_LEVEL = "-Onone";
			};
			name = Debug;
		};
		1E39C39124CBE4370000BE8F /* Release */ = {
			isa = XCBuildConfiguration;
			buildSettings = {
				ALWAYS_SEARCH_USER_PATHS = NO;
				CLANG_ANALYZER_NONNULL = YES;
				CLANG_ANALYZER_NUMBER_OBJECT_CONVERSION = YES_AGGRESSIVE;
				CLANG_CXX_LANGUAGE_STANDARD = "gnu++14";
				CLANG_CXX_LIBRARY = "libc++";
				CLANG_ENABLE_MODULES = YES;
				CLANG_ENABLE_OBJC_ARC = YES;
				CLANG_ENABLE_OBJC_WEAK = YES;
				CLANG_WARN_BLOCK_CAPTURE_AUTORELEASING = YES;
				CLANG_WARN_BOOL_CONVERSION = YES;
				CLANG_WARN_COMMA = YES;
				CLANG_WARN_CONSTANT_CONVERSION = YES;
				CLANG_WARN_DEPRECATED_OBJC_IMPLEMENTATIONS = YES;
				CLANG_WARN_DIRECT_OBJC_ISA_USAGE = YES_ERROR;
				CLANG_WARN_DOCUMENTATION_COMMENTS = YES;
				CLANG_WARN_EMPTY_BODY = YES;
				CLANG_WARN_ENUM_CONVERSION = YES;
				CLANG_WARN_INFINITE_RECURSION = YES;
				CLANG_WARN_INT_CONVERSION = YES;
				CLANG_WARN_NON_LITERAL_NULL_CONVERSION = YES;
				CLANG_WARN_OBJC_IMPLICIT_RETAIN_SELF = YES;
				CLANG_WARN_OBJC_LITERAL_CONVERSION = YES;
				CLANG_WARN_OBJC_ROOT_CLASS = YES_ERROR;
				CLANG_WARN_RANGE_LOOP_ANALYSIS = YES;
				CLANG_WARN_STRICT_PROTOTYPES = YES;
				CLANG_WARN_SUSPICIOUS_MOVE = YES;
				CLANG_WARN_UNGUARDED_AVAILABILITY = YES_AGGRESSIVE;
				CLANG_WARN_UNREACHABLE_CODE = YES;
				CLANG_WARN__DUPLICATE_METHOD_MATCH = YES;
				COPY_PHASE_STRIP = NO;
				DEBUG_INFORMATION_FORMAT = "dwarf-with-dsym";
				ENABLE_NS_ASSERTIONS = NO;
				ENABLE_STRICT_OBJC_MSGSEND = YES;
				GCC_C_LANGUAGE_STANDARD = gnu11;
				GCC_NO_COMMON_BLOCKS = YES;
				GCC_WARN_64_TO_32_BIT_CONVERSION = YES;
				GCC_WARN_ABOUT_RETURN_TYPE = YES_ERROR;
				GCC_WARN_UNDECLARED_SELECTOR = YES;
				GCC_WARN_UNINITIALIZED_AUTOS = YES_AGGRESSIVE;
				GCC_WARN_UNUSED_FUNCTION = YES;
				GCC_WARN_UNUSED_VARIABLE = YES;
				IPHONEOS_DEPLOYMENT_TARGET = 13.6;
				MTL_ENABLE_DEBUG_INFO = NO;
				MTL_FAST_MATH = YES;
				SDKROOT = iphoneos;
				SWIFT_COMPILATION_MODE = wholemodule;
				SWIFT_OPTIMIZATION_LEVEL = "-O";
				VALIDATE_PRODUCT = YES;
			};
			name = Release;
		};
		1E39C39324CBE4370000BE8F /* Debug */ = {
			isa = XCBuildConfiguration;
			buildSettings = {
				ASSETCATALOG_COMPILER_APPICON_NAME = AppIcon;
				CODE_SIGN_STYLE = Automatic;
				INFOPLIST_FILE = Tableview/Info.plist;
				LD_RUNPATH_SEARCH_PATHS = (
					"$(inherited)",
					"@executable_path/Frameworks",
				);
				PRODUCT_BUNDLE_IDENTIFIER = com.litech.Tableview;
				PRODUCT_NAME = "$(TARGET_NAME)";
				SWIFT_VERSION = 5.0;
				TARGETED_DEVICE_FAMILY = "1,2";
			};
			name = Debug;
		};
		1E39C39424CBE4370000BE8F /* Release */ = {
			isa = XCBuildConfiguration;
			buildSettings = {
				ASSETCATALOG_COMPILER_APPICON_NAME = AppIcon;
				CODE_SIGN_STYLE = Automatic;
				INFOPLIST_FILE = Tableview/Info.plist;
				LD_RUNPATH_SEARCH_PATHS = (
					"$(inherited)",
					"@executable_path/Frameworks",
				);
				PRODUCT_BUNDLE_IDENTIFIER = com.litech.Tableview;
				PRODUCT_NAME = "$(TARGET_NAME)";
				SWIFT_VERSION = 5.0;
				TARGETED_DEVICE_FAMILY = "1,2";
			};
			name = Release;
		};
		1E39C39624CBE4370000BE8F /* Debug */ = {
			isa = XCBuildConfiguration;
			buildSettings = {
				ALWAYS_EMBED_SWIFT_STANDARD_LIBRARIES = YES;
				BUNDLE_LOADER = "$(TEST_HOST)";
				CODE_SIGN_STYLE = Automatic;
				INFOPLIST_FILE = TableviewTests/Info.plist;
				IPHONEOS_DEPLOYMENT_TARGET = 13.6;
				LD_RUNPATH_SEARCH_PATHS = (
					"$(inherited)",
					"@executable_path/Frameworks",
					"@loader_path/Frameworks",
				);
				PRODUCT_BUNDLE_IDENTIFIER = com.litech.TableviewTests;
				PRODUCT_NAME = "$(TARGET_NAME)";
				SWIFT_VERSION = 5.0;
				TARGETED_DEVICE_FAMILY = "1,2";
				TEST_HOST = "$(BUILT_PRODUCTS_DIR)/Tableview.app/Tableview";
			};
			name = Debug;
		};
		1E39C39724CBE4370000BE8F /* Release */ = {
			isa = XCBuildConfiguration;
			buildSettings = {
				ALWAYS_EMBED_SWIFT_STANDARD_LIBRARIES = YES;
				BUNDLE_LOADER = "$(TEST_HOST)";
				CODE_SIGN_STYLE = Automatic;
				INFOPLIST_FILE = TableviewTests/Info.plist;
				IPHONEOS_DEPLOYMENT_TARGET = 13.6;
				LD_RUNPATH_SEARCH_PATHS = (
					"$(inherited)",
					"@executable_path/Frameworks",
					"@loader_path/Frameworks",
				);
				PRODUCT_BUNDLE_IDENTIFIER = com.litech.TableviewTests;
				PRODUCT_NAME = "$(TARGET_NAME)";
				SWIFT_VERSION = 5.0;
				TARGETED_DEVICE_FAMILY = "1,2";
				TEST_HOST = "$(BUILT_PRODUCTS_DIR)/Tableview.app/Tableview";
			};
			name = Release;
		};
		1E39C39924CBE4370000BE8F /* Debug */ = {
			isa = XCBuildConfiguration;
			buildSettings = {
				ALWAYS_EMBED_SWIFT_STANDARD_LIBRARIES = YES;
				CODE_SIGN_STYLE = Automatic;
				INFOPLIST_FILE = TableviewUITests/Info.plist;
				LD_RUNPATH_SEARCH_PATHS = (
					"$(inherited)",
					"@executable_path/Frameworks",
					"@loader_path/Frameworks",
				);
				PRODUCT_BUNDLE_IDENTIFIER = com.litech.TableviewUITests;
				PRODUCT_NAME = "$(TARGET_NAME)";
				SWIFT_VERSION = 5.0;
				TARGETED_DEVICE_FAMILY = "1,2";
				TEST_TARGET_NAME = Tableview;
			};
			name = Debug;
		};
		1E39C39A24CBE4370000BE8F /* Release */ = {
			isa = XCBuildConfiguration;
			buildSettings = {
				ALWAYS_EMBED_SWIFT_STANDARD_LIBRARIES = YES;
				CODE_SIGN_STYLE = Automatic;
				INFOPLIST_FILE = TableviewUITests/Info.plist;
				LD_RUNPATH_SEARCH_PATHS = (
					"$(inherited)",
					"@executable_path/Frameworks",
					"@loader_path/Frameworks",
				);
				PRODUCT_BUNDLE_IDENTIFIER = com.litech.TableviewUITests;
				PRODUCT_NAME = "$(TARGET_NAME)";
				SWIFT_VERSION = 5.0;
				TARGETED_DEVICE_FAMILY = "1,2";
				TEST_TARGET_NAME = Tableview;
			};
			name = Release;
		};
/* End XCBuildConfiguration section */

/* Begin XCConfigurationList section */
		1E39C36324CBE4360000BE8F /* Build configuration list for PBXProject "Tableview" */ = {
			isa = XCConfigurationList;
			buildConfigurations = (
				1E39C39024CBE4370000BE8F /* Debug */,
				1E39C39124CBE4370000BE8F /* Release */,
			);
			defaultConfigurationIsVisible = 0;
			defaultConfigurationName = Release;
		};
		1E39C39224CBE4370000BE8F /* Build configuration list for PBXNativeTarget "Tableview" */ = {
			isa = XCConfigurationList;
			buildConfigurations = (
				1E39C39324CBE4370000BE8F /* Debug */,
				1E39C39424CBE4370000BE8F /* Release */,
			);
			defaultConfigurationIsVisible = 0;
			defaultConfigurationName = Release;
		};
		1E39C39524CBE4370000BE8F /* Build configuration list for PBXNativeTarget "TableviewTests" */ = {
			isa = XCConfigurationList;
			buildConfigurations = (
				1E39C39624CBE4370000BE8F /* Debug */,
				1E39C39724CBE4370000BE8F /* Release */,
			);
			defaultConfigurationIsVisible = 0;
			defaultConfigurationName = Release;
		};
		1E39C39824CBE4370000BE8F /* Build configuration list for PBXNativeTarget "TableviewUITests" */ = {
			isa = XCConfigurationList;
			buildConfigurations = (
				1E39C39924CBE4370000BE8F /* Debug */,
				1E39C39A24CBE4370000BE8F /* Release */,
			);
			defaultConfigurationIsVisible = 0;
			defaultConfigurationName = Release;
		};
/* End XCConfigurationList section */
	};
	rootObject = 1E39C36024CBE4360000BE8F /* Project object */;
}
